// !$*UTF8*$!
{
	archiveVersion = 1;
	classes = {
	};
	objectVersion = 46;
	objects = {

/* Begin PBXBuildFile section */
		5A123A251EB034290057ACC4 /* main.m in Sources */ = {isa = PBXBuildFile; fileRef = 5A123A241EB034290057ACC4 /* main.m */; };
		5A123A281EB034290057ACC4 /* AppDelegate.m in Sources */ = {isa = PBXBuildFile; fileRef = 5A123A271EB034290057ACC4 /* AppDelegate.m */; };
		5A123A2B1EB034290057ACC4 /* ViewController.m in Sources */ = {isa = PBXBuildFile; fileRef = 5A123A2A1EB034290057ACC4 /* ViewController.m */; };
		5A123A2E1EB034290057ACC4 /* Main.storyboard in Resources */ = {isa = PBXBuildFile; fileRef = 5A123A2C1EB034290057ACC4 /* Main.storyboard */; };
		5A123A301EB034290057ACC4 /* Assets.xcassets in Resources */ = {isa = PBXBuildFile; fileRef = 5A123A2F1EB034290057ACC4 /* Assets.xcassets */; };
		5A123A331EB034290057ACC4 /* LaunchScreen.storyboard in Resources */ = {isa = PBXBuildFile; fileRef = 5A123A311EB034290057ACC4 /* LaunchScreen.storyboard */; };
		5A123A3C1EB041CC0057ACC4 /* YSModalView.m in Sources */ = {isa = PBXBuildFile; fileRef = 5A123A3B1EB041CC0057ACC4 /* YSModalView.m */; };
		5A123A3F1EB0A86E0057ACC4 /* TapView.m in Sources */ = {isa = PBXBuildFile; fileRef = 5A123A3E1EB0A86E0057ACC4 /* TapView.m */; };
		5A123A421EB1F8CB0057ACC4 /* UIView+Responder.m in Sources */ = {isa = PBXBuildFile; fileRef = 5A123A411EB1F8CB0057ACC4 /* UIView+Responder.m */; };
/* End PBXBuildFile section */

/* Begin PBXFileReference section */
		5A123A201EB034290057ACC4 /* LibrarysDemo.app */ = {isa = PBXFileReference; explicitFileType = wrapper.application; includeInIndex = 0; path = LibrarysDemo.app; sourceTree = BUILT_PRODUCTS_DIR; };
		5A123A241EB034290057ACC4 /* main.m */ = {isa = PBXFileReference; lastKnownFileType = sourcecode.c.objc; path = main.m; sourceTree = "<group>"; };
		5A123A261EB034290057ACC4 /* AppDelegate.h */ = {isa = PBXFileReference; lastKnownFileType = sourcecode.c.h; path = AppDelegate.h; sourceTree = "<group>"; };
		5A123A271EB034290057ACC4 /* AppDelegate.m */ = {isa = PBXFileReference; lastKnownFileType = sourcecode.c.objc; path = AppDelegate.m; sourceTree = "<group>"; };
		5A123A291EB034290057ACC4 /* ViewController.h */ = {isa = PBXFileReference; lastKnownFileType = sourcecode.c.h; path = ViewController.h; sourceTree = "<group>"; };
		5A123A2A1EB034290057ACC4 /* ViewController.m */ = {isa = PBXFileReference; lastKnownFileType = sourcecode.c.objc; path = ViewController.m; sourceTree = "<group>"; };
		5A123A2D1EB034290057ACC4 /* Base */ = {isa = PBXFileReference; lastKnownFileType = file.storyboard; name = Base; path = Base.lproj/Main.storyboard; sourceTree = "<group>"; };
		5A123A2F1EB034290057ACC4 /* Assets.xcassets */ = {isa = PBXFileReference; lastKnownFileType = folder.assetcatalog; path = Assets.xcassets; sourceTree = "<group>"; };
		5A123A321EB034290057ACC4 /* Base */ = {isa = PBXFileReference; lastKnownFileType = file.storyboard; name = Base; path = Base.lproj/LaunchScreen.storyboard; sourceTree = "<group>"; };
		5A123A341EB034290057ACC4 /* Info.plist */ = {isa = PBXFileReference; lastKnownFileType = text.plist.xml; path = Info.plist; sourceTree = "<group>"; };
		5A123A3A1EB041CC0057ACC4 /* YSModalView.h */ = {isa = PBXFileReference; fileEncoding = 4; lastKnownFileType = sourcecode.c.h; path = YSModalView.h; sourceTree = "<group>"; };
		5A123A3B1EB041CC0057ACC4 /* YSModalView.m */ = {isa = PBXFileReference; fileEncoding = 4; lastKnownFileType = sourcecode.c.objc; path = YSModalView.m; sourceTree = "<group>"; };
		5A123A3D1EB0A86E0057ACC4 /* TapView.h */ = {isa = PBXFileReference; fileEncoding = 4; lastKnownFileType = sourcecode.c.h; path = TapView.h; sourceTree = "<group>"; };
		5A123A3E1EB0A86E0057ACC4 /* TapView.m */ = {isa = PBXFileReference; fileEncoding = 4; lastKnownFileType = sourcecode.c.objc; path = TapView.m; sourceTree = "<group>"; };
		5A123A401EB1F8CB0057ACC4 /* UIView+Responder.h */ = {isa = PBXFileReference; fileEncoding = 4; lastKnownFileType = sourcecode.c.h; path = "UIView+Responder.h"; sourceTree = "<group>"; };
		5A123A411EB1F8CB0057ACC4 /* UIView+Responder.m */ = {isa = PBXFileReference; fileEncoding = 4; lastKnownFileType = sourcecode.c.objc; path = "UIView+Responder.m"; sourceTree = "<group>"; };
/* End PBXFileReference section */

/* Begin PBXFrameworksBuildPhase section */
		5A123A1D1EB034290057ACC4 /* Frameworks */ = {
			isa = PBXFrameworksBuildPhase;
			buildActionMask = 2147483647;
			files = (
			);
			runOnlyForDeploymentPostprocessing = 0;
		};
/* End PBXFrameworksBuildPhase section */

/* Begin PBXGroup section */
		5A123A171EB034290057ACC4 = {
			isa = PBXGroup;
			children = (
				5A123A221EB034290057ACC4 /* LibrarysDemo */,
				5A123A211EB034290057ACC4 /* Products */,
			);
			sourceTree = "<group>";
		};
		5A123A211EB034290057ACC4 /* Products */ = {
			isa = PBXGroup;
			children = (
				5A123A201EB034290057ACC4 /* LibrarysDemo.app */,
			);
			name = Products;
			sourceTree = "<group>";
		};
		5A123A221EB034290057ACC4 /* LibrarysDemo */ = {
			isa = PBXGroup;
			children = (
				5A123A261EB034290057ACC4 /* AppDelegate.h */,
				5A123A271EB034290057ACC4 /* AppDelegate.m */,
				5A123A291EB034290057ACC4 /* ViewController.h */,
				5A123A2A1EB034290057ACC4 /* ViewController.m */,
				5A123A3D1EB0A86E0057ACC4 /* TapView.h */,
				5A123A3E1EB0A86E0057ACC4 /* TapView.m */,
				5A123A3A1EB041CC0057ACC4 /* YSModalView.h */,
				5A123A3B1EB041CC0057ACC4 /* YSModalView.m */,
				5A123A401EB1F8CB0057ACC4 /* UIView+Responder.h */,
				5A123A411EB1F8CB0057ACC4 /* UIView+Responder.m */,
				5A123A2C1EB034290057ACC4 /* Main.storyboard */,
				5A123A2F1EB034290057ACC4 /* Assets.xcassets */,
				5A123A311EB034290057ACC4 /* LaunchScreen.storyboard */,
				5A123A341EB034290057ACC4 /* Info.plist */,
				5A123A231EB034290057ACC4 /* Supporting Files */,
			);
			path = LibrarysDemo;
			sourceTree = "<group>";
		};
		5A123A231EB034290057ACC4 /* Supporting Files */ = {
			isa = PBXGroup;
			children = (
				5A123A241EB034290057ACC4 /* main.m */,
			);
			name = "Supporting Files";
			sourceTree = "<group>";
		};
/* End PBXGroup section */

/* Begin PBXNativeTarget section */
		5A123A1F1EB034290057ACC4 /* LibrarysDemo */ = {
			isa = PBXNativeTarget;
			buildConfigurationList = 5A123A371EB034290057ACC4 /* Build configuration list for PBXNativeTarget "LibrarysDemo" */;
			buildPhases = (
				5A123A1C1EB034290057ACC4 /* Sources */,
				5A123A1D1EB034290057ACC4 /* Frameworks */,
				5A123A1E1EB034290057ACC4 /* Resources */,
			);
			buildRules = (
			);
			dependencies = (
			);
			name = LibrarysDemo;
			productName = LibrarysDemo;
			productReference = 5A123A201EB034290057ACC4 /* LibrarysDemo.app */;
			productType = "com.apple.product-type.application";
		};
/* End PBXNativeTarget section */

/* Begin PBXProject section */
		5A123A181EB034290057ACC4 /* Project object */ = {
			isa = PBXProject;
			attributes = {
				LastUpgradeCheck = 0830;
				ORGANIZATIONNAME = ys;
				TargetAttributes = {
					5A123A1F1EB034290057ACC4 = {
						CreatedOnToolsVersion = 8.3.1;
						DevelopmentTeam = L9E89VMHQT;
						ProvisioningStyle = Automatic;
					};
				};
			};
			buildConfigurationList = 5A123A1B1EB034290057ACC4 /* Build configuration list for PBXProject "LibrarysDemo" */;
			compatibilityVersion = "Xcode 3.2";
			developmentRegion = English;
			hasScannedForEncodings = 0;
			knownRegions = (
				en,
				Base,
			);
			mainGroup = 5A123A171EB034290057ACC4;
			productRefGroup = 5A123A211EB034290057ACC4 /* Products */;
			projectDirPath = "";
			projectRoot = "";
			targets = (
				5A123A1F1EB034290057ACC4 /* LibrarysDemo */,
			);
		};
/* End PBXProject section */

/* Begin PBXResourcesBuildPhase section */
		5A123A1E1EB034290057ACC4 /* Resources */ = {
			isa = PBXResourcesBuildPhase;
			buildActionMask = 2147483647;
			files = (
				5A123A331EB034290057ACC4 /* LaunchScreen.storyboard in Resources */,
				5A123A301EB034290057ACC4 /* Assets.xcassets in Resources */,
				5A123A2E1EB034290057ACC4 /* Main.storyboard in Resources */,
			);
			runOnlyForDeploymentPostprocessing = 0;
		};
/* End PBXResourcesBuildPhase section */

/* Begin PBXSourcesBuildPhase section */
		5A123A1C1EB034290057ACC4 /* Sources */ = {
			isa = PBXSourcesBuildPhase;
			buildActionMask = 2147483647;
			files = (
				5A123A3C1EB041CC0057ACC4 /* YSModalView.m in Sources */,
				5A123A3F1EB0A86E0057ACC4 /* TapView.m in Sources */,
				5A123A2B1EB034290057ACC4 /* ViewController.m in Sources */,
				5A123A421EB1F8CB0057ACC4 /* UIView+Responder.m in Sources */,
				5A123A281EB034290057ACC4 /* AppDelegate.m in Sources */,
				5A123A251EB034290057ACC4 /* main.m in Sources */,
			);
			runOnlyForDeploymentPostprocessing = 0;
		};
/* End PBXSourcesBuildPhase section */

/* Begin PBXVariantGroup section */
		5A123A2C1EB034290057ACC4 /* Main.storyboard */ = {
			isa = PBXVariantGroup;
			children = (
				5A123A2D1EB034290057ACC4 /* Base */,
			);
			name = Main.storyboard;
			sourceTree = "<group>";
		};
		5A123A311EB034290057ACC4 /* LaunchScreen.storyboard */ = {
			isa = PBXVariantGroup;
			children = (
				5A123A321EB034290057ACC4 /* Base */,
			);
			name = LaunchScreen.storyboard;
			sourceTree = "<group>";
		};
/* End PBXVariantGroup section */

/* Begin XCBuildConfiguration section */
		5A123A351EB034290057ACC4 /* Debug */ = {
			isa = XCBuildConfiguration;
			buildSettings = {
				ALWAYS_SEARCH_USER_PATHS = NO;
				CLANG_ANALYZER_NONNULL = YES;
				CLANG_ANALYZER_NUMBER_OBJECT_CONVERSION = YES_AGGRESSIVE;
				CLANG_CXX_LANGUAGE_STANDARD = "gnu++0x";
				CLANG_CXX_LIBRARY = "libc++";
				CLANG_ENABLE_MODULES = YES;
				CLANG_ENABLE_OBJC_ARC = YES;
				CLANG_WARN_BOOL_CONVERSION = YES;
				CLANG_WARN_CONSTANT_CONVERSION = YES;
				CLANG_WARN_DIRECT_OBJC_ISA_USAGE = YES_ERROR;
				CLANG_WARN_DOCUMENTATION_COMMENTS = YES;
				CLANG_WARN_EMPTY_BODY = YES;
				CLANG_WARN_ENUM_CONVERSION = YES;
				CLANG_WARN_INFINITE_RECURSION = YES;
				CLANG_WARN_INT_CONVERSION = YES;
				CLANG_WARN_OBJC_ROOT_CLASS = YES_ERROR;
				CLANG_WARN_SUSPICIOUS_MOVE = YES;
				CLANG_WARN_UNREACHABLE_CODE = YES;
				CLANG_WARN__DUPLICATE_METHOD_MATCH = YES;
				"CODE_SIGN_IDENTITY[sdk=iphoneos*]" = "iPhone Developer";
				COPY_PHASE_STRIP = NO;
				DEBUG_INFORMATION_FORMAT = dwarf;
				ENABLE_STRICT_OBJC_MSGSEND = YES;
				ENABLE_TESTABILITY = YES;
				GCC_C_LANGUAGE_STANDARD = gnu99;
				GCC_DYNAMIC_NO_PIC = NO;
				GCC_NO_COMMON_BLOCKS = YES;
				GCC_OPTIMIZATION_LEVEL = 0;
				GCC_PREPROCESSOR_DEFINITIONS = (
					"DEBUG=1",
					"$(inherited)",
				);
				GCC_WARN_64_TO_32_BIT_CONVERSION = YES;
				GCC_WARN_ABOUT_RETURN_TYPE = YES_ERROR;
				GCC_WARN_UNDECLARED_SELECTOR = YES;
				GCC_WARN_UNINITIALIZED_AUTOS = YES_AGGRESSIVE;
				GCC_WARN_UNUSED_FUNCTION = YES;
				GCC_WARN_UNUSED_VARIABLE = YES;
				IPHONEOS_DEPLOYMENT_TARGET = 10.3;
				MTL_ENABLE_DEBUG_INFO = YES;
				ONLY_ACTIVE_ARCH = YES;
				SDKROOT = iphoneos;
				TARGETED_DEVICE_FAMILY = "1,2";
			};
			name = Debug;
		};
		5A123A361EB034290057ACC4 /* Release */ = {
			isa = XCBuildConfiguration;
			buildSettings = {
				ALWAYS_SEARCH_USER_PATHS = NO;
				CLANG_ANALYZER_NONNULL = YES;
				CLANG_ANALYZER_NUMBER_OBJECT_CONVERSION = YES_AGGRESSIVE;
				CLANG_CXX_LANGUAGE_STANDARD = "gnu++0x";
				CLANG_CXX_LIBRARY = "libc++";
				CLANG_ENABLE_MODULES = YES;
				CLANG_ENABLE_OBJC_ARC = YES;
				CLANG_WARN_BOOL_CONVERSION = YES;
				CLANG_WARN_CONSTANT_CONVERSION = YES;
				CLANG_WARN_DIRECT_OBJC_ISA_USAGE = YES_ERROR;
				CLANG_WARN_DOCUMENTATION_COMMENTS = YES;
				CLANG_WARN_EMPTY_BODY = YES;
				CLANG_WARN_ENUM_CONVERSION = YES;
				CLANG_WARN_INFINITE_RECURSION = YES;
				CLANG_WARN_INT_CONVERSION = YES;
				CLANG_WARN_OBJC_ROOT_CLASS = YES_ERROR;
				CLANG_WARN_SUSPICIOUS_MOVE = YES;
				CLANG_WARN_UNREACHABLE_CODE = YES;
				CLANG_WARN__DUPLICATE_METHOD_MATCH = YES;
				"CODE_SIGN_IDENTITY[sdk=iphoneos*]" = "iPhone Developer";
				COPY_PHASE_STRIP = NO;
				DEBUG_INFORMATION_FORMAT = "dwarf-with-dsym";
				ENABLE_NS_ASSERTIONS = NO;
				ENABLE_STRICT_OBJC_MSGSEND = YES;
				GCC_C_LANGUAGE_STANDARD = gnu99;
				GCC_NO_COMMON_BLOCKS = YES;
				GCC_WARN_64_TO_32_BIT_CONVERSION = YES;
				GCC_WARN_ABOUT_RETURN_TYPE = YES_ERROR;
				GCC_WARN_UNDECLARED_SELECTOR = YES;
				GCC_WARN_UNINITIALIZED_AUTOS = YES_AGGRESSIVE;
				GCC_WARN_UNUSED_FUNCTION = YES;
				GCC_WARN_UNUSED_VARIABLE = YES;
				IPHONEOS_DEPLOYMENT_TARGET = 10.3;
				MTL_ENABLE_DEBUG_INFO = NO;
				SDKROOT = iphoneos;
				TARGETED_DEVICE_FAMILY = "1,2";
				VALIDATE_PRODUCT = YES;
			};
			name = Release;
		};
		5A123A381EB034290057ACC4 /* Debug */ = {
			isa = XCBuildConfiguration;
			buildSettings = {
				ASSETCATALOG_COMPILER_APPICON_NAME = AppIcon;
				DEVELOPMENT_TEAM = L9E89VMHQT;
				INFOPLIST_FILE = LibrarysDemo/Info.plist;
				IPHONEOS_DEPLOYMENT_TARGET = 8.0;
				LD_RUNPATH_SEARCH_PATHS = "$(inherited) @executable_path/Frameworks";
				PRODUCT_BUNDLE_IDENTIFIER = wawayaya.com.LibrarysDemo;
				PRODUCT_NAME = "$(TARGET_NAME)";
			};
			name = Debug;
		};
		5A123A391EB034290057ACC4 /* Release */ = {
			isa = XCBuildConfiguration;
			buildSettings = {
				ASSETCATALOG_COMPILER_APPICON_NAME = AppIcon;
				DEVELOPMENT_TEAM = L9E89VMHQT;
				INFOPLIST_FILE = LibrarysDemo/Info.plist;
				IPHONEOS_DEPLOYMENT_TARGET = 8.0;
				LD_RUNPATH_SEARCH_PATHS = "$(inherited) @executable_path/Frameworks";
				PRODUCT_BUNDLE_IDENTIFIER = wawayaya.com.LibrarysDemo;
				PRODUCT_NAME = "$(TARGET_NAME)";
			};
			name = Release;
		};
/* End XCBuildConfiguration section */

/* Begin XCConfigurationList section */
		5A123A1B1EB034290057ACC4 /* Build configuration list for PBXProject "LibrarysDemo" */ = {
			isa = XCConfigurationList;
			buildConfigurations = (
				5A123A351EB034290057ACC4 /* Debug */,
				5A123A361EB034290057ACC4 /* Release */,
			);
			defaultConfigurationIsVisible = 0;
			defaultConfigurationName = Release;
		};
		5A123A371EB034290057ACC4 /* Build configuration list for PBXNativeTarget "LibrarysDemo" */ = {
			isa = XCConfigurationList;
			buildConfigurations = (
				5A123A381EB034290057ACC4 /* Debug */,
				5A123A391EB034290057ACC4 /* Release */,
			);
			defaultConfigurationIsVisible = 0;
			defaultConfigurationName = Release;
		};
/* End XCConfigurationList section */
	};
	rootObject = 5A123A181EB034290057ACC4 /* Project object */;
}
